
Microsoft Visual Studio Solution File, Format Version 12.00
# Visual Studio Version 16
VisualStudioVersion = 16.0.31112.23
MinimumVisualStudioVersion = 10.0.40219.1
Project("{FAE04EC0-301F-11D3-BF4B-00C04F79EFBC}") = "Dwudziesty", "Dwudziesty\Dwudziesty.csproj", "{88D58364-E595-4A4C-B826-7EB8894424B3}"
EndProject
Global
	GlobalSection(SolutionConfigurationPlatforms) = preSolution
		Debug|Any CPU = Debug|Any CPU
		Release|Any CPU = Release|Any CPU
	EndGlobalSection
	GlobalSection(ProjectConfigurationPlatforms) = postSolution
		{88D58364-E595-4A4C-B826-7EB8894424B3}.Debug|Any CPU.ActiveCfg = Debug|Any CPU
		{88D58364-E595-4A4C-B826-7EB8894424B3}.Debug|Any CPU.Build.0 = Debug|Any CPU
		{88D58364-E595-4A4C-B826-7EB8894424B3}.Release|Any CPU.ActiveCfg = Release|Any CPU
		{88D58364-E595-4A4C-B826-7EB8894424B3}.Release|Any CPU.Build.0 = Release|Any CPU
	EndGlobalSection
	GlobalSection(SolutionProperties) = preSolution
		HideSolutionNode = FALSE
	EndGlobalSection
	GlobalSection(ExtensibilityGlobals) = postSolution
		SolutionGuid = {A6E9A869-3917-4858-8768-F5EF1ECD9F90}
	EndGlobalSection
EndGlobal
