
Microsoft Visual Studio Solution File, Format Version 12.00
# Visual Studio Version 16
VisualStudioVersion = 16.0.31112.23
MinimumVisualStudioVersion = 10.0.40219.1
Project("{FAE04EC0-301F-11D3-BF4B-00C04F79EFBC}") = "Siedemnasty", "Siedemnasty\Siedemnasty.csproj", "{687CC332-14D6-4FC6-825E-04F8289D54ED}"
EndProject
Global
	GlobalSection(SolutionConfigurationPlatforms) = preSolution
		Debug|Any CPU = Debug|Any CPU
		Release|Any CPU = Release|Any CPU
	EndGlobalSection
	GlobalSection(ProjectConfigurationPlatforms) = postSolution
		{687CC332-14D6-4FC6-825E-04F8289D54ED}.Debug|Any CPU.ActiveCfg = Debug|Any CPU
		{687CC332-14D6-4FC6-825E-04F8289D54ED}.Debug|Any CPU.Build.0 = Debug|Any CPU
		{687CC332-14D6-4FC6-825E-04F8289D54ED}.Release|Any CPU.ActiveCfg = Release|Any CPU
		{687CC332-14D6-4FC6-825E-04F8289D54ED}.Release|Any CPU.Build.0 = Release|Any CPU
	EndGlobalSection
	GlobalSection(SolutionProperties) = preSolution
		HideSolutionNode = FALSE
	EndGlobalSection
	GlobalSection(ExtensibilityGlobals) = postSolution
		SolutionGuid = {3913AC54-DD95-4022-A1FE-EE67C4441775}
	EndGlobalSection
EndGlobal
