
Microsoft Visual Studio Solution File, Format Version 12.00
# Visual Studio Version 16
VisualStudioVersion = 16.0.31112.23
MinimumVisualStudioVersion = 10.0.40219.1
Project("{FAE04EC0-301F-11D3-BF4B-00C04F79EFBC}") = "PR2_Generics", "PR2_Generics\PR2_Generics.csproj", "{544E2D62-A1BE-4946-940C-F9E2FD70351C}"
EndProject
Global
	GlobalSection(SolutionConfigurationPlatforms) = preSolution
		Debug|Any CPU = Debug|Any CPU
		Release|Any CPU = Release|Any CPU
	EndGlobalSection
	GlobalSection(ProjectConfigurationPlatforms) = postSolution
		{544E2D62-A1BE-4946-940C-F9E2FD70351C}.Debug|Any CPU.ActiveCfg = Debug|Any CPU
		{544E2D62-A1BE-4946-940C-F9E2FD70351C}.Debug|Any CPU.Build.0 = Debug|Any CPU
		{544E2D62-A1BE-4946-940C-F9E2FD70351C}.Release|Any CPU.ActiveCfg = Release|Any CPU
		{544E2D62-A1BE-4946-940C-F9E2FD70351C}.Release|Any CPU.Build.0 = Release|Any CPU
	EndGlobalSection
	GlobalSection(SolutionProperties) = preSolution
		HideSolutionNode = FALSE
	EndGlobalSection
	GlobalSection(ExtensibilityGlobals) = postSolution
		SolutionGuid = {4349E516-4AC4-43B3-9AB0-1CA0C0FACAD8}
	EndGlobalSection
EndGlobal
