
Microsoft Visual Studio Solution File, Format Version 12.00
# Visual Studio Version 16
VisualStudioVersion = 16.0.31112.23
MinimumVisualStudioVersion = 10.0.40219.1
Project("{FAE04EC0-301F-11D3-BF4B-00C04F79EFBC}") = "DwudziewstyTrzeci", "DwudziewstyTrzeci\DwudziewstyTrzeci.csproj", "{F17EA3CF-FB22-4778-85E5-A36EE12751C6}"
EndProject
Global
	GlobalSection(SolutionConfigurationPlatforms) = preSolution
		Debug|Any CPU = Debug|Any CPU
		Release|Any CPU = Release|Any CPU
	EndGlobalSection
	GlobalSection(ProjectConfigurationPlatforms) = postSolution
		{F17EA3CF-FB22-4778-85E5-A36EE12751C6}.Debug|Any CPU.ActiveCfg = Debug|Any CPU
		{F17EA3CF-FB22-4778-85E5-A36EE12751C6}.Debug|Any CPU.Build.0 = Debug|Any CPU
		{F17EA3CF-FB22-4778-85E5-A36EE12751C6}.Release|Any CPU.ActiveCfg = Release|Any CPU
		{F17EA3CF-FB22-4778-85E5-A36EE12751C6}.Release|Any CPU.Build.0 = Release|Any CPU
	EndGlobalSection
	GlobalSection(SolutionProperties) = preSolution
		HideSolutionNode = FALSE
	EndGlobalSection
	GlobalSection(ExtensibilityGlobals) = postSolution
		SolutionGuid = {83AEB06F-FC89-4708-B158-B0665B94419C}
	EndGlobalSection
EndGlobal
