
Microsoft Visual Studio Solution File, Format Version 12.00
# Visual Studio Version 16
VisualStudioVersion = 16.0.31112.23
MinimumVisualStudioVersion = 10.0.40219.1
Project("{FAE04EC0-301F-11D3-BF4B-00C04F79EFBC}") = "Interfaces_PR1", "Interfaces_PR1\Interfaces_PR1.csproj", "{8E093922-C22C-40F3-A01C-BCB2CEADBE5B}"
EndProject
Project("{FAE04EC0-301F-11D3-BF4B-00C04F79EFBC}") = "DemoLibrary", "DemoLibrary\DemoLibrary.csproj", "{5EAFC7C7-3BAF-4FD8-B5FE-D15CC75FF5A0}"
EndProject
Global
	GlobalSection(SolutionConfigurationPlatforms) = preSolution
		Debug|Any CPU = Debug|Any CPU
		Release|Any CPU = Release|Any CPU
	EndGlobalSection
	GlobalSection(ProjectConfigurationPlatforms) = postSolution
		{8E093922-C22C-40F3-A01C-BCB2CEADBE5B}.Debug|Any CPU.ActiveCfg = Debug|Any CPU
		{8E093922-C22C-40F3-A01C-BCB2CEADBE5B}.Debug|Any CPU.Build.0 = Debug|Any CPU
		{8E093922-C22C-40F3-A01C-BCB2CEADBE5B}.Release|Any CPU.ActiveCfg = Release|Any CPU
		{8E093922-C22C-40F3-A01C-BCB2CEADBE5B}.Release|Any CPU.Build.0 = Release|Any CPU
		{5EAFC7C7-3BAF-4FD8-B5FE-D15CC75FF5A0}.Debug|Any CPU.ActiveCfg = Debug|Any CPU
		{5EAFC7C7-3BAF-4FD8-B5FE-D15CC75FF5A0}.Debug|Any CPU.Build.0 = Debug|Any CPU
		{5EAFC7C7-3BAF-4FD8-B5FE-D15CC75FF5A0}.Release|Any CPU.ActiveCfg = Release|Any CPU
		{5EAFC7C7-3BAF-4FD8-B5FE-D15CC75FF5A0}.Release|Any CPU.Build.0 = Release|Any CPU
	EndGlobalSection
	GlobalSection(SolutionProperties) = preSolution
		HideSolutionNode = FALSE
	EndGlobalSection
	GlobalSection(ExtensibilityGlobals) = postSolution
		SolutionGuid = {F446C09B-65F0-4C37-9A72-78EA792EA0A7}
	EndGlobalSection
EndGlobal
