
Microsoft Visual Studio Solution File, Format Version 12.00
# Visual Studio Version 16
VisualStudioVersion = 16.0.31229.75
MinimumVisualStudioVersion = 10.0.40219.1
Project("{FAE04EC0-301F-11D3-BF4B-00C04F79EFBC}") = "MyProject1", "MyProject1\MyProject1.csproj", "{8A62B32B-2AD2-49E8-83BE-A0FA101B8D4F}"
EndProject
Global
	GlobalSection(SolutionConfigurationPlatforms) = preSolution
		Debug|Any CPU = Debug|Any CPU
		Release|Any CPU = Release|Any CPU
	EndGlobalSection
	GlobalSection(ProjectConfigurationPlatforms) = postSolution
		{8A62B32B-2AD2-49E8-83BE-A0FA101B8D4F}.Debug|Any CPU.ActiveCfg = Debug|Any CPU
		{8A62B32B-2AD2-49E8-83BE-A0FA101B8D4F}.Debug|Any CPU.Build.0 = Debug|Any CPU
		{8A62B32B-2AD2-49E8-83BE-A0FA101B8D4F}.Release|Any CPU.ActiveCfg = Release|Any CPU
		{8A62B32B-2AD2-49E8-83BE-A0FA101B8D4F}.Release|Any CPU.Build.0 = Release|Any CPU
	EndGlobalSection
	GlobalSection(SolutionProperties) = preSolution
		HideSolutionNode = FALSE
	EndGlobalSection
	GlobalSection(ExtensibilityGlobals) = postSolution
		SolutionGuid = {4E0BF8C7-5405-4026-BAF4-6B3805A02186}
	EndGlobalSection
EndGlobal
