
Microsoft Visual Studio Solution File, Format Version 12.00
# Visual Studio Version 16
VisualStudioVersion = 16.0.31112.23
MinimumVisualStudioVersion = 10.0.40219.1
Project("{FAE04EC0-301F-11D3-BF4B-00C04F79EFBC}") = "Drugi", "Drugi\Drugi.csproj", "{00E6329A-046B-4437-8C2D-1F0AE32A2A60}"
EndProject
Global
	GlobalSection(SolutionConfigurationPlatforms) = preSolution
		Debug|Any CPU = Debug|Any CPU
		Release|Any CPU = Release|Any CPU
	EndGlobalSection
	GlobalSection(ProjectConfigurationPlatforms) = postSolution
		{00E6329A-046B-4437-8C2D-1F0AE32A2A60}.Debug|Any CPU.ActiveCfg = Debug|Any CPU
		{00E6329A-046B-4437-8C2D-1F0AE32A2A60}.Debug|Any CPU.Build.0 = Debug|Any CPU
		{00E6329A-046B-4437-8C2D-1F0AE32A2A60}.Release|Any CPU.ActiveCfg = Release|Any CPU
		{00E6329A-046B-4437-8C2D-1F0AE32A2A60}.Release|Any CPU.Build.0 = Release|Any CPU
	EndGlobalSection
	GlobalSection(SolutionProperties) = preSolution
		HideSolutionNode = FALSE
	EndGlobalSection
	GlobalSection(ExtensibilityGlobals) = postSolution
		SolutionGuid = {631CF566-1456-4F86-B787-DCAD6FB8D026}
	EndGlobalSection
EndGlobal
