
Microsoft Visual Studio Solution File, Format Version 12.00
# Visual Studio Version 16
VisualStudioVersion = 16.0.31112.23
MinimumVisualStudioVersion = 10.0.40219.1
Project("{FAE04EC0-301F-11D3-BF4B-00C04F79EFBC}") = "Piaty", "Piaty\Piaty.csproj", "{384F45AF-8FEA-4C2E-8EB2-7EDA48A4EE6D}"
EndProject
Global
	GlobalSection(SolutionConfigurationPlatforms) = preSolution
		Debug|Any CPU = Debug|Any CPU
		Release|Any CPU = Release|Any CPU
	EndGlobalSection
	GlobalSection(ProjectConfigurationPlatforms) = postSolution
		{384F45AF-8FEA-4C2E-8EB2-7EDA48A4EE6D}.Debug|Any CPU.ActiveCfg = Debug|Any CPU
		{384F45AF-8FEA-4C2E-8EB2-7EDA48A4EE6D}.Debug|Any CPU.Build.0 = Debug|Any CPU
		{384F45AF-8FEA-4C2E-8EB2-7EDA48A4EE6D}.Release|Any CPU.ActiveCfg = Release|Any CPU
		{384F45AF-8FEA-4C2E-8EB2-7EDA48A4EE6D}.Release|Any CPU.Build.0 = Release|Any CPU
	EndGlobalSection
	GlobalSection(SolutionProperties) = preSolution
		HideSolutionNode = FALSE
	EndGlobalSection
	GlobalSection(ExtensibilityGlobals) = postSolution
		SolutionGuid = {49ECDAF8-E2CF-4CB9-8002-6849476FC933}
	EndGlobalSection
EndGlobal
