
Microsoft Visual Studio Solution File, Format Version 12.00
# Visual Studio Version 16
VisualStudioVersion = 16.0.31112.23
MinimumVisualStudioVersion = 10.0.40219.1
Project("{FAE04EC0-301F-11D3-BF4B-00C04F79EFBC}") = "UsingConstructorWithInheritance", "UsingConstructorWithInheritance\UsingConstructorWithInheritance.csproj", "{34B12AC2-655B-43E0-B423-CAB70F18769F}"
EndProject
Global
	GlobalSection(SolutionConfigurationPlatforms) = preSolution
		Debug|Any CPU = Debug|Any CPU
		Release|Any CPU = Release|Any CPU
	EndGlobalSection
	GlobalSection(ProjectConfigurationPlatforms) = postSolution
		{34B12AC2-655B-43E0-B423-CAB70F18769F}.Debug|Any CPU.ActiveCfg = Debug|Any CPU
		{34B12AC2-655B-43E0-B423-CAB70F18769F}.Debug|Any CPU.Build.0 = Debug|Any CPU
		{34B12AC2-655B-43E0-B423-CAB70F18769F}.Release|Any CPU.ActiveCfg = Release|Any CPU
		{34B12AC2-655B-43E0-B423-CAB70F18769F}.Release|Any CPU.Build.0 = Release|Any CPU
	EndGlobalSection
	GlobalSection(SolutionProperties) = preSolution
		HideSolutionNode = FALSE
	EndGlobalSection
	GlobalSection(ExtensibilityGlobals) = postSolution
		SolutionGuid = {0EF3DFD8-75C0-4CF6-9101-C29D1DF2BC6A}
	EndGlobalSection
EndGlobal
